
Microsoft Visual Studio Solution File, Format Version 12.00
# Visual Studio Version 16
VisualStudioVersion = 16.0.31019.35
MinimumVisualStudioVersion = 10.0.40219.1
Project("{FAE04EC0-301F-11D3-BF4B-00C04F79EFBC}") = "GameOfLife_Two", "GameOfLife_Two\GameOfLife_Two.csproj", "{7F3BCFDF-0DD3-4A43-93C6-15D316622893}"
EndProject
Global
	GlobalSection(SolutionConfigurationPlatforms) = preSolution
		Debug|Any CPU = Debug|Any CPU
		Release|Any CPU = Release|Any CPU
	EndGlobalSection
	GlobalSection(ProjectConfigurationPlatforms) = postSolution
		{7F3BCFDF-0DD3-4A43-93C6-15D316622893}.Debug|Any CPU.ActiveCfg = Debug|Any CPU
		{7F3BCFDF-0DD3-4A43-93C6-15D316622893}.Debug|Any CPU.Build.0 = Debug|Any CPU
		{7F3BCFDF-0DD3-4A43-93C6-15D316622893}.Release|Any CPU.ActiveCfg = Release|Any CPU
		{7F3BCFDF-0DD3-4A43-93C6-15D316622893}.Release|Any CPU.Build.0 = Release|Any CPU
	EndGlobalSection
	GlobalSection(SolutionProperties) = preSolution
		HideSolutionNode = FALSE
	EndGlobalSection
	GlobalSection(ExtensibilityGlobals) = postSolution
		SolutionGuid = {5DB77896-252C-47BB-A161-3FEDEEEDEF06}
	EndGlobalSection
EndGlobal
